// !$*UTF8*$!
{
	archiveVersion = 1;
	classes = {
	};
	objectVersion = 46;
	objects = {

/* Begin PBXBuildFile section */
		17074CB11E25A92B00332F0A /* Scripture.swift in Sources */ = {isa = PBXBuildFile; fileRef = 17074CB01E25A92B00332F0A /* Scripture.swift */; };
		1712CD701C77449B005E09D6 /* SettingsViewController.swift in Sources */ = {isa = PBXBuildFile; fileRef = 1712CD6F1C77449B005E09D6 /* SettingsViewController.swift */; };
		17196DB21E22EBFD00A7DD00 /* ScriptureViewController.swift in Sources */ = {isa = PBXBuildFile; fileRef = 17196DB11E22EBFD00A7DD00 /* ScriptureViewController.swift */; };
		171A6ED51BF2172100E3323C /* WebViewController.swift in Sources */ = {isa = PBXBuildFile; fileRef = 171A6ED41BF2172100E3323C /* WebViewController.swift */; };
		172B7FCD1F41FBD200C714C0 /* Section.swift in Sources */ = {isa = PBXBuildFile; fileRef = 172B7FCC1F41FBD200C714C0 /* Section.swift */; };
		1742C6891F1127F00096B150 /* TextViewController.swift in Sources */ = {isa = PBXBuildFile; fileRef = 1742C6881F1127F00096B150 /* TextViewController.swift */; };
		1749C4571DAAAE8A00FC90E0 /* PopoverPickerViewController.swift in Sources */ = {isa = PBXBuildFile; fileRef = 1749C4561DAAAE8A00FC90E0 /* PopoverPickerViewController.swift */; };
		174A14A51E020A0500736CEC /* CachedString.swift in Sources */ = {isa = PBXBuildFile; fileRef = 174A14A41E020A0500736CEC /* CachedString.swift */; };
		174A14A71E02122200736CEC /* MediaPlayer.swift in Sources */ = {isa = PBXBuildFile; fileRef = 174A14A61E02122100736CEC /* MediaPlayer.swift */; };
		174A14A91E02128700736CEC /* MediaListGroupSort.swift in Sources */ = {isa = PBXBuildFile; fileRef = 174A14A81E02128700736CEC /* MediaListGroupSort.swift */; };
		174A14AB1E02A6F100736CEC /* Download.swift in Sources */ = {isa = PBXBuildFile; fileRef = 174A14AA1E02A6F100736CEC /* Download.swift */; };
		174EEE6D1B74C0DD004F6942 /* Images.xcassets in Resources */ = {isa = PBXBuildFile; fileRef = 174EEE6C1B74C0DD004F6942 /* Images.xcassets */; };
		174EEE7C1B74C0DE004F6942 /* CBCTests.swift in Sources */ = {isa = PBXBuildFile; fileRef = 174EEE7B1B74C0DE004F6942 /* CBCTests.swift */; };
		174EEE8D1B74C11E004F6942 /* MediaTableViewController.swift in Sources */ = {isa = PBXBuildFile; fileRef = 174EEE861B74C11E004F6942 /* MediaTableViewController.swift */; };
		174EEE8E1B74C11E004F6942 /* iPad.storyboard in Resources */ = {isa = PBXBuildFile; fileRef = 174EEE871B74C11E004F6942 /* iPad.storyboard */; };
		174EEE8F1B74C11E004F6942 /* iPhone.storyboard in Resources */ = {isa = PBXBuildFile; fileRef = 174EEE881B74C11E004F6942 /* iPhone.storyboard */; };
		174EEE901B74C11E004F6942 /* MediaViewController.swift in Sources */ = {isa = PBXBuildFile; fileRef = 174EEE891B74C11E004F6942 /* MediaViewController.swift */; };
		174EEE911B74C11E004F6942 /* AboutViewController.swift in Sources */ = {isa = PBXBuildFile; fileRef = 174EEE8A1B74C11E004F6942 /* AboutViewController.swift */; };
		174EEE921B74C11E004F6942 /* MediaTableViewCell.swift in Sources */ = {isa = PBXBuildFile; fileRef = 174EEE8B1B74C11E004F6942 /* MediaTableViewCell.swift */; };
		174EEE941B74C145004F6942 /* AppDelegate.swift in Sources */ = {isa = PBXBuildFile; fileRef = 174EEE931B74C145004F6942 /* AppDelegate.swift */; };
		174EEE961B74C1B1004F6942 /* LaunchScreen.xib in Resources */ = {isa = PBXBuildFile; fileRef = 174EEE951B74C1B1004F6942 /* LaunchScreen.xib */; };
		17579DE01B84706500F1424F /* PopoverTableViewController.swift in Sources */ = {isa = PBXBuildFile; fileRef = 17579DDF1B84706500F1424F /* PopoverTableViewController.swift */; };
		175DF54A203B2EB10087CF0B /* Document.swift in Sources */ = {isa = PBXBuildFile; fileRef = 175DF549203B2EB10087CF0B /* Document.swift */; };
		175DF54C203B2ED80087CF0B /* ControlView.swift in Sources */ = {isa = PBXBuildFile; fileRef = 175DF54B203B2ED80087CF0B /* ControlView.swift */; };
		175EDA261BAC80F600942E6D /* Reachability.swift in Sources */ = {isa = PBXBuildFile; fileRef = 175EDA251BAC80F600942E6D /* Reachability.swift */; };
		17613FD51E4364F200ADFFCD /* LexiconIndexViewController.swift in Sources */ = {isa = PBXBuildFile; fileRef = 17613FD41E4364F200ADFFCD /* LexiconIndexViewController.swift */; };
		17763BE31BEA329400BB5556 /* Constants.swift in Sources */ = {isa = PBXBuildFile; fileRef = 17763BE21BEA329400BB5556 /* Constants.swift */; };
		17763BE51BEA32C700BB5556 /* MediaItem.swift in Sources */ = {isa = PBXBuildFile; fileRef = 17763BE41BEA32C700BB5556 /* MediaItem.swift */; };
		177A74B11EF5767B00D36BE2 /* ScriptureIndex.swift in Sources */ = {isa = PBXBuildFile; fileRef = 177A74B01EF5767B00D36BE2 /* ScriptureIndex.swift */; };
		177A74B31EF576A500D36BE2 /* StringNode.swift in Sources */ = {isa = PBXBuildFile; fileRef = 177A74B21EF576A500D36BE2 /* StringNode.swift */; };
		177A74B51EF576CB00D36BE2 /* StringTree.swift in Sources */ = {isa = PBXBuildFile; fileRef = 177A74B41EF576CB00D36BE2 /* StringTree.swift */; };
		177A74B71EF576EA00D36BE2 /* Lexicon.swift in Sources */ = {isa = PBXBuildFile; fileRef = 177A74B61EF576EA00D36BE2 /* Lexicon.swift */; };
		177A74B91EF5770B00D36BE2 /* BooksChaptersVerses.swift in Sources */ = {isa = PBXBuildFile; fileRef = 177A74B81EF5770B00D36BE2 /* BooksChaptersVerses.swift */; };
		177FBA951C5CF36400AFBB50 /* OBSlider.swift in Sources */ = {isa = PBXBuildFile; fileRef = 177FBA941C5CF36400AFBB50 /* OBSlider.swift */; };
		1780A7B81B7759FC0003FD39 /* MapKit.framework in Frameworks */ = {isa = PBXBuildFile; fileRef = 1780A7B71B7759FC0003FD39 /* MapKit.framework */; };
		179495601FDC2E87001BB4D8 /* QuadTree.swift in Sources */ = {isa = PBXBuildFile; fileRef = 1794955F1FDC2E87001BB4D8 /* QuadTree.swift */; };
		179495621FDC4811001BB4D8 /* CloudLayoutOperation.swift in Sources */ = {isa = PBXBuildFile; fileRef = 179495611FDC4811001BB4D8 /* CloudLayoutOperation.swift */; };
		179495641FDC4845001BB4D8 /* CloudWord.swift in Sources */ = {isa = PBXBuildFile; fileRef = 179495631FDC4845001BB4D8 /* CloudWord.swift */; };
		179495661FDC48C2001BB4D8 /* CloudViewController.swift in Sources */ = {isa = PBXBuildFile; fileRef = 179495651FDC48C2001BB4D8 /* CloudViewController.swift */; };
		1798C74E1CA93BC900CED4A5 /* Globals.swift in Sources */ = {isa = PBXBuildFile; fileRef = 1798C74D1CA93BC900CED4A5 /* Globals.swift */; };
		1798C7501CA93BF600CED4A5 /* LiveViewController.swift in Sources */ = {isa = PBXBuildFile; fileRef = 1798C74F1CA93BF600CED4A5 /* LiveViewController.swift */; };
		1798C7581CA93CC700CED4A5 /* CBCUITests.swift in Sources */ = {isa = PBXBuildFile; fileRef = 1798C7571CA93CC700CED4A5 /* CBCUITests.swift */; };
		17A960CE1FDAC12E00A12BE9 /* firstDifferenceBetweenStrings.swift in Sources */ = {isa = PBXBuildFile; fileRef = 17A960CD1FDAC12E00A12BE9 /* firstDifferenceBetweenStrings.swift */; };
		17D4641C1C8E135800519C98 /* ScriptureIndexViewController.swift in Sources */ = {isa = PBXBuildFile; fileRef = 17D4641B1C8E135800519C98 /* ScriptureIndexViewController.swift */; };
		17DFD9511F029A7C000AC63D /* VoiceBase.swift in Sources */ = {isa = PBXBuildFile; fileRef = 17DFD9501F029A7C000AC63D /* VoiceBase.swift */; };
		17E677832003E087003D022B /* Model.xcdatamodeld in Sources */ = {isa = PBXBuildFile; fileRef = 17E677812003E087003D022B /* Model.xcdatamodeld */; };
		17E677BD2003E690003D022B /* LexiconStringNode+CoreDataClass.swift in Sources */ = {isa = PBXBuildFile; fileRef = 17E677B52003E690003D022B /* LexiconStringNode+CoreDataClass.swift */; };
		17E677BE2003E690003D022B /* LexiconStringNode+CoreDataProperties.swift in Sources */ = {isa = PBXBuildFile; fileRef = 17E677B62003E690003D022B /* LexiconStringNode+CoreDataProperties.swift */; };
		17E677BF2003E690003D022B /* LexiconTranscript+CoreDataClass.swift in Sources */ = {isa = PBXBuildFile; fileRef = 17E677B72003E690003D022B /* LexiconTranscript+CoreDataClass.swift */; };
		17E677C02003E690003D022B /* LexiconTranscript+CoreDataProperties.swift in Sources */ = {isa = PBXBuildFile; fileRef = 17E677B82003E690003D022B /* LexiconTranscript+CoreDataProperties.swift */; };
		17E677C12003E690003D022B /* LexiconEntry+CoreDataClass.swift in Sources */ = {isa = PBXBuildFile; fileRef = 17E677B92003E690003D022B /* LexiconEntry+CoreDataClass.swift */; };
		17E677C22003E690003D022B /* LexiconEntry+CoreDataProperties.swift in Sources */ = {isa = PBXBuildFile; fileRef = 17E677BA2003E690003D022B /* LexiconEntry+CoreDataProperties.swift */; };
		17E677C32003E690003D022B /* LexiconWord+CoreDataClass.swift in Sources */ = {isa = PBXBuildFile; fileRef = 17E677BB2003E690003D022B /* LexiconWord+CoreDataClass.swift */; };
		17E677C42003E690003D022B /* LexiconWord+CoreDataProperties.swift in Sources */ = {isa = PBXBuildFile; fileRef = 17E677BC2003E690003D022B /* LexiconWord+CoreDataProperties.swift */; };
		17E75ECA1B835FC600AE8ED5 /* functions.swift in Sources */ = {isa = PBXBuildFile; fileRef = 17E75EC91B835FC600AE8ED5 /* functions.swift */; };
		17F2E5BC1BE0F5C300FD146A /* fontawesome-webfont.ttf in Resources */ = {isa = PBXBuildFile; fileRef = 17D9AA061BE0EDF700ED5090 /* fontawesome-webfont.ttf */; };
		17F549251DBADA26008B5051 /* AVKit.framework in Frameworks */ = {isa = PBXBuildFile; fileRef = 17F549241DBADA26008B5051 /* AVKit.framework */; };
		17F8EAB41DFE221A00FA2A99 /* PopoverTableViewCell.swift in Sources */ = {isa = PBXBuildFile; fileRef = 17F8EAB31DFE221A00FA2A99 /* PopoverTableViewCell.swift */; };
		17FF98812030D9DB002AD442 /* StreamEntry.swift in Sources */ = {isa = PBXBuildFile; fileRef = 17FF98802030D9DB002AD442 /* StreamEntry.swift */; };
		17FF98832030DA07002AD442 /* extensions.swift in Sources */ = {isa = PBXBuildFile; fileRef = 17FF98822030DA07002AD442 /* extensions.swift */; };
		17FF98852030DA3E002AD442 /* Search.swift in Sources */ = {isa = PBXBuildFile; fileRef = 17FF98842030DA3E002AD442 /* Search.swift */; };
		17FF98872030DA5A002AD442 /* SelectedMediaItem.swift in Sources */ = {isa = PBXBuildFile; fileRef = 17FF98862030DA5A002AD442 /* SelectedMediaItem.swift */; };
		17FF98892030DA75002AD442 /* MediaCategory.swift in Sources */ = {isa = PBXBuildFile; fileRef = 17FF98882030DA75002AD442 /* MediaCategory.swift */; };
		17FF988B2030DB01002AD442 /* MediaStream.swift in Sources */ = {isa = PBXBuildFile; fileRef = 17FF988A2030DB01002AD442 /* MediaStream.swift */; };
		17FF988D2030DB8C002AD442 /* MediaRepository.swift in Sources */ = {isa = PBXBuildFile; fileRef = 17FF988C2030DB8C002AD442 /* MediaRepository.swift */; };
		17FF988F2030DBC9002AD442 /* Media.swift in Sources */ = {isa = PBXBuildFile; fileRef = 17FF988E2030DBC9002AD442 /* Media.swift */; };
		17FF98912030DC84002AD442 /* Tags.swift in Sources */ = {isa = PBXBuildFile; fileRef = 17FF98902030DC84002AD442 /* Tags.swift */; };
/* End PBXBuildFile section */

/* Begin PBXContainerItemProxy section */
		174EEE761B74C0DE004F6942 /* PBXContainerItemProxy */ = {
			isa = PBXContainerItemProxy;
			containerPortal = 174EEE581B74C0DD004F6942 /* Project object */;
			proxyType = 1;
			remoteGlobalIDString = 174EEE5F1B74C0DD004F6942;
			remoteInfo = TPS;
		};
		1798C75A1CA93CC700CED4A5 /* PBXContainerItemProxy */ = {
			isa = PBXContainerItemProxy;
			containerPortal = 174EEE581B74C0DD004F6942 /* Project object */;
			proxyType = 1;
			remoteGlobalIDString = 174EEE5F1B74C0DD004F6942;
			remoteInfo = TPS;
		};
/* End PBXContainerItemProxy section */

/* Begin PBXFileReference section */
		17074CB01E25A92B00332F0A /* Scripture.swift */ = {isa = PBXFileReference; fileEncoding = 4; lastKnownFileType = sourcecode.swift; path = Scripture.swift; sourceTree = "<group>"; };
		1712CD6F1C77449B005E09D6 /* SettingsViewController.swift */ = {isa = PBXFileReference; fileEncoding = 4; lastKnownFileType = sourcecode.swift; path = SettingsViewController.swift; sourceTree = "<group>"; };
		17196DB11E22EBFD00A7DD00 /* ScriptureViewController.swift */ = {isa = PBXFileReference; fileEncoding = 4; lastKnownFileType = sourcecode.swift; path = ScriptureViewController.swift; sourceTree = "<group>"; };
		171A6ED41BF2172100E3323C /* WebViewController.swift */ = {isa = PBXFileReference; fileEncoding = 4; lastKnownFileType = sourcecode.swift; path = WebViewController.swift; sourceTree = "<group>"; };
		172B7FCC1F41FBD200C714C0 /* Section.swift */ = {isa = PBXFileReference; fileEncoding = 4; lastKnownFileType = sourcecode.swift; path = Section.swift; sourceTree = "<group>"; };
		1742C6881F1127F00096B150 /* TextViewController.swift */ = {isa = PBXFileReference; fileEncoding = 4; lastKnownFileType = sourcecode.swift; path = TextViewController.swift; sourceTree = "<group>"; };
		1749C4561DAAAE8A00FC90E0 /* PopoverPickerViewController.swift */ = {isa = PBXFileReference; fileEncoding = 4; lastKnownFileType = sourcecode.swift; path = PopoverPickerViewController.swift; sourceTree = "<group>"; };
		174A14A41E020A0500736CEC /* CachedString.swift */ = {isa = PBXFileReference; fileEncoding = 4; lastKnownFileType = sourcecode.swift; path = CachedString.swift; sourceTree = "<group>"; };
		174A14A61E02122100736CEC /* MediaPlayer.swift */ = {isa = PBXFileReference; fileEncoding = 4; lastKnownFileType = sourcecode.swift; name = MediaPlayer.swift; path = ../MediaPlayer.swift; sourceTree = "<group>"; };
		174A14A81E02128700736CEC /* MediaListGroupSort.swift */ = {isa = PBXFileReference; fileEncoding = 4; lastKnownFileType = sourcecode.swift; path = MediaListGroupSort.swift; sourceTree = "<group>"; };
		174A14AA1E02A6F100736CEC /* Download.swift */ = {isa = PBXFileReference; fileEncoding = 4; lastKnownFileType = sourcecode.swift; path = Download.swift; sourceTree = "<group>"; };
		174EEE601B74C0DD004F6942 /* CBC.app */ = {isa = PBXFileReference; explicitFileType = wrapper.application; includeInIndex = 0; path = CBC.app; sourceTree = BUILT_PRODUCTS_DIR; };
		174EEE6C1B74C0DD004F6942 /* Images.xcassets */ = {isa = PBXFileReference; lastKnownFileType = folder.assetcatalog; path = Images.xcassets; sourceTree = "<group>"; };
		174EEE751B74C0DE004F6942 /* CBCTests.xctest */ = {isa = PBXFileReference; explicitFileType = wrapper.cfbundle; includeInIndex = 0; path = CBCTests.xctest; sourceTree = BUILT_PRODUCTS_DIR; };
		174EEE7A1B74C0DE004F6942 /* Info.plist */ = {isa = PBXFileReference; lastKnownFileType = text.plist.xml; path = Info.plist; sourceTree = "<group>"; };
		174EEE7B1B74C0DE004F6942 /* CBCTests.swift */ = {isa = PBXFileReference; lastKnownFileType = sourcecode.swift; path = CBCTests.swift; sourceTree = "<group>"; };
		174EEE861B74C11E004F6942 /* MediaTableViewController.swift */ = {isa = PBXFileReference; fileEncoding = 4; lastKnownFileType = sourcecode.swift; lineEnding = 0; path = MediaTableViewController.swift; sourceTree = "<group>"; xcLanguageSpecificationIdentifier = xcode.lang.swift; };
		174EEE871B74C11E004F6942 /* iPad.storyboard */ = {isa = PBXFileReference; fileEncoding = 4; lastKnownFileType = file.storyboard; path = iPad.storyboard; sourceTree = "<group>"; };
		174EEE881B74C11E004F6942 /* iPhone.storyboard */ = {isa = PBXFileReference; fileEncoding = 4; lastKnownFileType = file.storyboard; path = iPhone.storyboard; sourceTree = "<group>"; };
		174EEE891B74C11E004F6942 /* MediaViewController.swift */ = {isa = PBXFileReference; fileEncoding = 4; lastKnownFileType = sourcecode.swift; lineEnding = 0; path = MediaViewController.swift; sourceTree = "<group>"; xcLanguageSpecificationIdentifier = xcode.lang.swift; };
		174EEE8A1B74C11E004F6942 /* AboutViewController.swift */ = {isa = PBXFileReference; fileEncoding = 4; lastKnownFileType = sourcecode.swift; lineEnding = 0; path = AboutViewController.swift; sourceTree = "<group>"; xcLanguageSpecificationIdentifier = xcode.lang.swift; };
		174EEE8B1B74C11E004F6942 /* MediaTableViewCell.swift */ = {isa = PBXFileReference; fileEncoding = 4; lastKnownFileType = sourcecode.swift; path = MediaTableViewCell.swift; sourceTree = "<group>"; };
		174EEE931B74C145004F6942 /* AppDelegate.swift */ = {isa = PBXFileReference; fileEncoding = 4; lastKnownFileType = sourcecode.swift; lineEnding = 0; path = AppDelegate.swift; sourceTree = "<group>"; xcLanguageSpecificationIdentifier = xcode.lang.swift; };
		174EEE951B74C1B1004F6942 /* LaunchScreen.xib */ = {isa = PBXFileReference; fileEncoding = 4; lastKnownFileType = file.xib; path = LaunchScreen.xib; sourceTree = "<group>"; };
		174EEE971B74C1E8004F6942 /* Info.plist */ = {isa = PBXFileReference; fileEncoding = 4; lastKnownFileType = text.plist.xml; path = Info.plist; sourceTree = "<group>"; };
		17579DDF1B84706500F1424F /* PopoverTableViewController.swift */ = {isa = PBXFileReference; fileEncoding = 4; lastKnownFileType = sourcecode.swift; path = PopoverTableViewController.swift; sourceTree = "<group>"; };
		175DF549203B2EB10087CF0B /* Document.swift */ = {isa = PBXFileReference; lastKnownFileType = sourcecode.swift; path = Document.swift; sourceTree = "<group>"; };
		175DF54B203B2ED80087CF0B /* ControlView.swift */ = {isa = PBXFileReference; lastKnownFileType = sourcecode.swift; path = ControlView.swift; sourceTree = "<group>"; };
		175EDA251BAC80F600942E6D /* Reachability.swift */ = {isa = PBXFileReference; fileEncoding = 4; lastKnownFileType = sourcecode.swift; path = Reachability.swift; sourceTree = "<group>"; };
		17613FD41E4364F200ADFFCD /* LexiconIndexViewController.swift */ = {isa = PBXFileReference; fileEncoding = 4; lastKnownFileType = sourcecode.swift; path = LexiconIndexViewController.swift; sourceTree = "<group>"; };
		17763BE21BEA329400BB5556 /* Constants.swift */ = {isa = PBXFileReference; fileEncoding = 4; lastKnownFileType = sourcecode.swift; path = Constants.swift; sourceTree = "<group>"; };
		17763BE41BEA32C700BB5556 /* MediaItem.swift */ = {isa = PBXFileReference; fileEncoding = 4; lastKnownFileType = sourcecode.swift; path = MediaItem.swift; sourceTree = "<group>"; };
		177A74B01EF5767B00D36BE2 /* ScriptureIndex.swift */ = {isa = PBXFileReference; fileEncoding = 4; lastKnownFileType = sourcecode.swift; path = ScriptureIndex.swift; sourceTree = "<group>"; };
		177A74B21EF576A500D36BE2 /* StringNode.swift */ = {isa = PBXFileReference; fileEncoding = 4; lastKnownFileType = sourcecode.swift; path = StringNode.swift; sourceTree = "<group>"; };
		177A74B41EF576CB00D36BE2 /* StringTree.swift */ = {isa = PBXFileReference; fileEncoding = 4; lastKnownFileType = sourcecode.swift; path = StringTree.swift; sourceTree = "<group>"; };
		177A74B61EF576EA00D36BE2 /* Lexicon.swift */ = {isa = PBXFileReference; fileEncoding = 4; lastKnownFileType = sourcecode.swift; path = Lexicon.swift; sourceTree = "<group>"; };
		177A74B81EF5770B00D36BE2 /* BooksChaptersVerses.swift */ = {isa = PBXFileReference; fileEncoding = 4; lastKnownFileType = sourcecode.swift; path = BooksChaptersVerses.swift; sourceTree = "<group>"; };
		177FBA941C5CF36400AFBB50 /* OBSlider.swift */ = {isa = PBXFileReference; fileEncoding = 4; lastKnownFileType = sourcecode.swift; path = OBSlider.swift; sourceTree = "<group>"; };
		1780A7B71B7759FC0003FD39 /* MapKit.framework */ = {isa = PBXFileReference; lastKnownFileType = wrapper.framework; name = MapKit.framework; path = System/Library/Frameworks/MapKit.framework; sourceTree = SDKROOT; };
		1794955F1FDC2E87001BB4D8 /* QuadTree.swift */ = {isa = PBXFileReference; lastKnownFileType = sourcecode.swift; path = QuadTree.swift; sourceTree = "<group>"; };
		179495611FDC4811001BB4D8 /* CloudLayoutOperation.swift */ = {isa = PBXFileReference; lastKnownFileType = sourcecode.swift; path = CloudLayoutOperation.swift; sourceTree = "<group>"; };
		179495631FDC4845001BB4D8 /* CloudWord.swift */ = {isa = PBXFileReference; lastKnownFileType = sourcecode.swift; path = CloudWord.swift; sourceTree = "<group>"; };
		179495651FDC48C2001BB4D8 /* CloudViewController.swift */ = {isa = PBXFileReference; lastKnownFileType = sourcecode.swift; path = CloudViewController.swift; sourceTree = "<group>"; };
		1798C74D1CA93BC900CED4A5 /* Globals.swift */ = {isa = PBXFileReference; fileEncoding = 4; lastKnownFileType = sourcecode.swift; path = Globals.swift; sourceTree = "<group>"; };
		1798C74F1CA93BF600CED4A5 /* LiveViewController.swift */ = {isa = PBXFileReference; fileEncoding = 4; lastKnownFileType = sourcecode.swift; path = LiveViewController.swift; sourceTree = "<group>"; };
		1798C7551CA93CC700CED4A5 /* CBCUITests.xctest */ = {isa = PBXFileReference; explicitFileType = wrapper.cfbundle; includeInIndex = 0; path = CBCUITests.xctest; sourceTree = BUILT_PRODUCTS_DIR; };
		1798C7571CA93CC700CED4A5 /* CBCUITests.swift */ = {isa = PBXFileReference; lastKnownFileType = sourcecode.swift; path = CBCUITests.swift; sourceTree = "<group>"; };
		1798C7591CA93CC700CED4A5 /* Info.plist */ = {isa = PBXFileReference; lastKnownFileType = text.plist.xml; path = Info.plist; sourceTree = "<group>"; };
		17A960CD1FDAC12E00A12BE9 /* firstDifferenceBetweenStrings.swift */ = {isa = PBXFileReference; fileEncoding = 4; lastKnownFileType = sourcecode.swift; path = firstDifferenceBetweenStrings.swift; sourceTree = "<group>"; };
		17D4641B1C8E135800519C98 /* ScriptureIndexViewController.swift */ = {isa = PBXFileReference; fileEncoding = 4; lastKnownFileType = sourcecode.swift; path = ScriptureIndexViewController.swift; sourceTree = "<group>"; };
		17D9AA061BE0EDF700ED5090 /* fontawesome-webfont.ttf */ = {isa = PBXFileReference; lastKnownFileType = file; path = "fontawesome-webfont.ttf"; sourceTree = "<group>"; };
		17DFD9501F029A7C000AC63D /* VoiceBase.swift */ = {isa = PBXFileReference; fileEncoding = 4; lastKnownFileType = sourcecode.swift; path = VoiceBase.swift; sourceTree = "<group>"; };
		17E677822003E087003D022B /* Model.xcdatamodel */ = {isa = PBXFileReference; lastKnownFileType = wrapper.xcdatamodel; path = Model.xcdatamodel; sourceTree = "<group>"; };
		17E677B52003E690003D022B /* LexiconStringNode+CoreDataClass.swift */ = {isa = PBXFileReference; lastKnownFileType = sourcecode.swift; path = "LexiconStringNode+CoreDataClass.swift"; sourceTree = "<group>"; };
		17E677B62003E690003D022B /* LexiconStringNode+CoreDataProperties.swift */ = {isa = PBXFileReference; lastKnownFileType = sourcecode.swift; path = "LexiconStringNode+CoreDataProperties.swift"; sourceTree = "<group>"; };
		17E677B72003E690003D022B /* LexiconTranscript+CoreDataClass.swift */ = {isa = PBXFileReference; lastKnownFileType = sourcecode.swift; path = "LexiconTranscript+CoreDataClass.swift"; sourceTree = "<group>"; };
		17E677B82003E690003D022B /* LexiconTranscript+CoreDataProperties.swift */ = {isa = PBXFileReference; lastKnownFileType = sourcecode.swift; path = "LexiconTranscript+CoreDataProperties.swift"; sourceTree = "<group>"; };
		17E677B92003E690003D022B /* LexiconEntry+CoreDataClass.swift */ = {isa = PBXFileReference; lastKnownFileType = sourcecode.swift; path = "LexiconEntry+CoreDataClass.swift"; sourceTree = "<group>"; };
		17E677BA2003E690003D022B /* LexiconEntry+CoreDataProperties.swift */ = {isa = PBXFileReference; lastKnownFileType = sourcecode.swift; path = "LexiconEntry+CoreDataProperties.swift"; sourceTree = "<group>"; };
		17E677BB2003E690003D022B /* LexiconWord+CoreDataClass.swift */ = {isa = PBXFileReference; lastKnownFileType = sourcecode.swift; path = "LexiconWord+CoreDataClass.swift"; sourceTree = "<group>"; };
		17E677BC2003E690003D022B /* LexiconWord+CoreDataProperties.swift */ = {isa = PBXFileReference; lastKnownFileType = sourcecode.swift; path = "LexiconWord+CoreDataProperties.swift"; sourceTree = "<group>"; };
		17E75EC91B835FC600AE8ED5 /* functions.swift */ = {isa = PBXFileReference; fileEncoding = 4; lastKnownFileType = sourcecode.swift; lineEnding = 0; path = functions.swift; sourceTree = "<group>"; xcLanguageSpecificationIdentifier = xcode.lang.swift; };
		17F549241DBADA26008B5051 /* AVKit.framework */ = {isa = PBXFileReference; lastKnownFileType = wrapper.framework; name = AVKit.framework; path = System/Library/Frameworks/AVKit.framework; sourceTree = SDKROOT; };
		17F8EAB31DFE221A00FA2A99 /* PopoverTableViewCell.swift */ = {isa = PBXFileReference; fileEncoding = 4; lastKnownFileType = sourcecode.swift; path = PopoverTableViewCell.swift; sourceTree = "<group>"; };
		17FF98802030D9DB002AD442 /* StreamEntry.swift */ = {isa = PBXFileReference; lastKnownFileType = sourcecode.swift; path = StreamEntry.swift; sourceTree = "<group>"; };
		17FF98822030DA07002AD442 /* extensions.swift */ = {isa = PBXFileReference; lastKnownFileType = sourcecode.swift; path = extensions.swift; sourceTree = "<group>"; };
		17FF98842030DA3E002AD442 /* Search.swift */ = {isa = PBXFileReference; lastKnownFileType = sourcecode.swift; path = Search.swift; sourceTree = "<group>"; };
		17FF98862030DA5A002AD442 /* SelectedMediaItem.swift */ = {isa = PBXFileReference; lastKnownFileType = sourcecode.swift; path = SelectedMediaItem.swift; sourceTree = "<group>"; };
		17FF98882030DA75002AD442 /* MediaCategory.swift */ = {isa = PBXFileReference; lastKnownFileType = sourcecode.swift; path = MediaCategory.swift; sourceTree = "<group>"; };
		17FF988A2030DB01002AD442 /* MediaStream.swift */ = {isa = PBXFileReference; lastKnownFileType = sourcecode.swift; path = MediaStream.swift; sourceTree = "<group>"; };
		17FF988C2030DB8C002AD442 /* MediaRepository.swift */ = {isa = PBXFileReference; lastKnownFileType = sourcecode.swift; path = MediaRepository.swift; sourceTree = "<group>"; };
		17FF988E2030DBC9002AD442 /* Media.swift */ = {isa = PBXFileReference; lastKnownFileType = sourcecode.swift; path = Media.swift; sourceTree = "<group>"; };
		17FF98902030DC84002AD442 /* Tags.swift */ = {isa = PBXFileReference; lastKnownFileType = sourcecode.swift; path = Tags.swift; sourceTree = "<group>"; };
/* End PBXFileReference section */

/* Begin PBXFrameworksBuildPhase section */
		174EEE5D1B74C0DD004F6942 /* Frameworks */ = {
			isa = PBXFrameworksBuildPhase;
			buildActionMask = 2147483647;
			files = (
				17F549251DBADA26008B5051 /* AVKit.framework in Frameworks */,
				1780A7B81B7759FC0003FD39 /* MapKit.framework in Frameworks */,
			);
			runOnlyForDeploymentPostprocessing = 0;
		};
		174EEE721B74C0DE004F6942 /* Frameworks */ = {
			isa = PBXFrameworksBuildPhase;
			buildActionMask = 2147483647;
			files = (
			);
			runOnlyForDeploymentPostprocessing = 0;
		};
		1798C7521CA93CC700CED4A5 /* Frameworks */ = {
			isa = PBXFrameworksBuildPhase;
			buildActionMask = 2147483647;
			files = (
			);
			runOnlyForDeploymentPostprocessing = 0;
		};
/* End PBXFrameworksBuildPhase section */

/* Begin PBXGroup section */
		174EEE571B74C0DD004F6942 = {
			isa = PBXGroup;
			children = (
				17E677C52003E6F2003D022B /* CoreData */,
				174EEE621B74C0DD004F6942 /* CBC */,
				174EEE781B74C0DE004F6942 /* CBCTests */,
				1798C7561CA93CC700CED4A5 /* CBCUITests */,
				174EEE611B74C0DD004F6942 /* Products */,
				1780A7B71B7759FC0003FD39 /* MapKit.framework */,
				17F549231DBADA25008B5051 /* Frameworks */,
			);
			sourceTree = "<group>";
		};
		174EEE611B74C0DD004F6942 /* Products */ = {
			isa = PBXGroup;
			children = (
				174EEE601B74C0DD004F6942 /* CBC.app */,
				174EEE751B74C0DE004F6942 /* CBCTests.xctest */,
				1798C7551CA93CC700CED4A5 /* CBCUITests.xctest */,
			);
			name = Products;
			sourceTree = "<group>";
		};
		174EEE621B74C0DD004F6942 /* CBC */ = {
			isa = PBXGroup;
			children = (
				174EEE931B74C145004F6942 /* AppDelegate.swift */,
				1798C74D1CA93BC900CED4A5 /* Globals.swift */,
				17FF988E2030DBC9002AD442 /* Media.swift */,
				17FF98902030DC84002AD442 /* Tags.swift */,
				17FF988C2030DB8C002AD442 /* MediaRepository.swift */,
				17FF988A2030DB01002AD442 /* MediaStream.swift */,
				17FF98882030DA75002AD442 /* MediaCategory.swift */,
				17FF98862030DA5A002AD442 /* SelectedMediaItem.swift */,
				17FF98842030DA3E002AD442 /* Search.swift */,
				17FF98822030DA07002AD442 /* extensions.swift */,
				17FF98802030D9DB002AD442 /* StreamEntry.swift */,
				172B7FCC1F41FBD200C714C0 /* Section.swift */,
				174A14A61E02122100736CEC /* MediaPlayer.swift */,
				17763BE21BEA329400BB5556 /* Constants.swift */,
				174A14A81E02128700736CEC /* MediaListGroupSort.swift */,
				177A74B81EF5770B00D36BE2 /* BooksChaptersVerses.swift */,
				177A74B61EF576EA00D36BE2 /* Lexicon.swift */,
				177A74B41EF576CB00D36BE2 /* StringTree.swift */,
				177A74B21EF576A500D36BE2 /* StringNode.swift */,
				177A74B01EF5767B00D36BE2 /* ScriptureIndex.swift */,
				17763BE41BEA32C700BB5556 /* MediaItem.swift */,
				17DFD9501F029A7C000AC63D /* VoiceBase.swift */,
				175DF549203B2EB10087CF0B /* Document.swift */,
				174A14AA1E02A6F100736CEC /* Download.swift */,
				175DF54B203B2ED80087CF0B /* ControlView.swift */,
				175EDA251BAC80F600942E6D /* Reachability.swift */,
				177FBA941C5CF36400AFBB50 /* OBSlider.swift */,
				17E75EC91B835FC600AE8ED5 /* functions.swift */,
				17A960CD1FDAC12E00A12BE9 /* firstDifferenceBetweenStrings.swift */,
				174EEE8B1B74C11E004F6942 /* MediaTableViewCell.swift */,
				174EEE861B74C11E004F6942 /* MediaTableViewController.swift */,
				174EEE891B74C11E004F6942 /* MediaViewController.swift */,
				174A14A41E020A0500736CEC /* CachedString.swift */,
				17F8EAB31DFE221A00FA2A99 /* PopoverTableViewCell.swift */,
				17579DDF1B84706500F1424F /* PopoverTableViewController.swift */,
				1749C4561DAAAE8A00FC90E0 /* PopoverPickerViewController.swift */,
				171A6ED41BF2172100E3323C /* WebViewController.swift */,
				1742C6881F1127F00096B150 /* TextViewController.swift */,
				174EEE871B74C11E004F6942 /* iPad.storyboard */,
				174EEE881B74C11E004F6942 /* iPhone.storyboard */,
				17D4641B1C8E135800519C98 /* ScriptureIndexViewController.swift */,
				17613FD41E4364F200ADFFCD /* LexiconIndexViewController.swift */,
				17196DB11E22EBFD00A7DD00 /* ScriptureViewController.swift */,
				17074CB01E25A92B00332F0A /* Scripture.swift */,
				174EEE8A1B74C11E004F6942 /* AboutViewController.swift */,
				1712CD6F1C77449B005E09D6 /* SettingsViewController.swift */,
				1798C74F1CA93BF600CED4A5 /* LiveViewController.swift */,
				179495651FDC48C2001BB4D8 /* CloudViewController.swift */,
				1794955F1FDC2E87001BB4D8 /* QuadTree.swift */,
				179495631FDC4845001BB4D8 /* CloudWord.swift */,
				179495611FDC4811001BB4D8 /* CloudLayoutOperation.swift */,
				174EEE6C1B74C0DD004F6942 /* Images.xcassets */,
				174EEE951B74C1B1004F6942 /* LaunchScreen.xib */,
				17D9AA061BE0EDF700ED5090 /* fontawesome-webfont.ttf */,
				174EEE631B74C0DD004F6942 /* Supporting Files */,
			);
			path = CBC;
			sourceTree = "<group>";
		};
		174EEE631B74C0DD004F6942 /* Supporting Files */ = {
			isa = PBXGroup;
			children = (
				174EEE971B74C1E8004F6942 /* Info.plist */,
			);
			name = "Supporting Files";
			sourceTree = "<group>";
		};
		174EEE781B74C0DE004F6942 /* CBCTests */ = {
			isa = PBXGroup;
			children = (
				174EEE7B1B74C0DE004F6942 /* CBCTests.swift */,
				174EEE791B74C0DE004F6942 /* Supporting Files */,
			);
			path = CBCTests;
			sourceTree = "<group>";
		};
		174EEE791B74C0DE004F6942 /* Supporting Files */ = {
			isa = PBXGroup;
			children = (
				174EEE7A1B74C0DE004F6942 /* Info.plist */,
			);
			name = "Supporting Files";
			sourceTree = "<group>";
		};
		1798C7561CA93CC700CED4A5 /* CBCUITests */ = {
			isa = PBXGroup;
			children = (
				1798C7571CA93CC700CED4A5 /* CBCUITests.swift */,
				1798C7591CA93CC700CED4A5 /* Info.plist */,
			);
			path = CBCUITests;
			sourceTree = "<group>";
		};
		17E677C52003E6F2003D022B /* CoreData */ = {
			isa = PBXGroup;
			children = (
				17E677B52003E690003D022B /* LexiconStringNode+CoreDataClass.swift */,
				17E677B62003E690003D022B /* LexiconStringNode+CoreDataProperties.swift */,
				17E677B72003E690003D022B /* LexiconTranscript+CoreDataClass.swift */,
				17E677B82003E690003D022B /* LexiconTranscript+CoreDataProperties.swift */,
				17E677B92003E690003D022B /* LexiconEntry+CoreDataClass.swift */,
				17E677BA2003E690003D022B /* LexiconEntry+CoreDataProperties.swift */,
				17E677BB2003E690003D022B /* LexiconWord+CoreDataClass.swift */,
				17E677BC2003E690003D022B /* LexiconWord+CoreDataProperties.swift */,
				17E677812003E087003D022B /* Model.xcdatamodeld */,
			);
			path = CoreData;
			sourceTree = "<group>";
		};
		17F549231DBADA25008B5051 /* Frameworks */ = {
			isa = PBXGroup;
			children = (
				17F549241DBADA26008B5051 /* AVKit.framework */,
			);
			name = Frameworks;
			sourceTree = "<group>";
		};
/* End PBXGroup section */

/* Begin PBXNativeTarget section */
		174EEE5F1B74C0DD004F6942 /* CBC */ = {
			isa = PBXNativeTarget;
			buildConfigurationList = 174EEE7F1B74C0DE004F6942 /* Build configuration list for PBXNativeTarget "CBC" */;
			buildPhases = (
				174EEE5C1B74C0DD004F6942 /* Sources */,
				174EEE5D1B74C0DD004F6942 /* Frameworks */,
				174EEE5E1B74C0DD004F6942 /* Resources */,
			);
			buildRules = (
			);
			dependencies = (
			);
			name = CBC;
			productName = TPS;
			productReference = 174EEE601B74C0DD004F6942 /* CBC.app */;
			productType = "com.apple.product-type.application";
		};
		174EEE741B74C0DE004F6942 /* CBCTests */ = {
			isa = PBXNativeTarget;
			buildConfigurationList = 174EEE821B74C0DE004F6942 /* Build configuration list for PBXNativeTarget "CBCTests" */;
			buildPhases = (
				174EEE711B74C0DE004F6942 /* Sources */,
				174EEE721B74C0DE004F6942 /* Frameworks */,
				174EEE731B74C0DE004F6942 /* Resources */,
			);
			buildRules = (
			);
			dependencies = (
				174EEE771B74C0DE004F6942 /* PBXTargetDependency */,
			);
			name = CBCTests;
			productName = TPSTests;
			productReference = 174EEE751B74C0DE004F6942 /* CBCTests.xctest */;
			productType = "com.apple.product-type.bundle.unit-test";
		};
		1798C7541CA93CC700CED4A5 /* CBCUITests */ = {
			isa = PBXNativeTarget;
			buildConfigurationList = 1798C75C1CA93CC800CED4A5 /* Build configuration list for PBXNativeTarget "CBCUITests" */;
			buildPhases = (
				1798C7511CA93CC700CED4A5 /* Sources */,
				1798C7521CA93CC700CED4A5 /* Frameworks */,
				1798C7531CA93CC700CED4A5 /* Resources */,
			);
			buildRules = (
			);
			dependencies = (
				1798C75B1CA93CC700CED4A5 /* PBXTargetDependency */,
			);
			name = CBCUITests;
			productName = TPSUITests;
			productReference = 1798C7551CA93CC700CED4A5 /* CBCUITests.xctest */;
			productType = "com.apple.product-type.bundle.ui-testing";
		};
/* End PBXNativeTarget section */

/* Begin PBXProject section */
		174EEE581B74C0DD004F6942 /* Project object */ = {
			isa = PBXProject;
			attributes = {
				LastSwiftMigration = 0700;
				LastSwiftUpdateCheck = 0730;
				LastUpgradeCheck = 0930;
				ORGANIZATIONNAME = "Steve Leeke";
				TargetAttributes = {
					174EEE5F1B74C0DD004F6942 = {
						CreatedOnToolsVersion = 6.4;
						DevelopmentTeam = 35U7HMB59T;
						LastSwiftMigration = 0920;
						SystemCapabilities = {
							com.apple.BackgroundModes = {
								enabled = 1;
							};
							com.apple.Maps.iOS = {
								enabled = 1;
							};
						};
					};
					174EEE741B74C0DE004F6942 = {
						CreatedOnToolsVersion = 6.4;
						DevelopmentTeam = 35U7HMB59T;
						LastSwiftMigration = 0920;
						TestTargetID = 174EEE5F1B74C0DD004F6942;
					};
					1798C7541CA93CC700CED4A5 = {
						CreatedOnToolsVersion = 7.3;
						DevelopmentTeam = 35U7HMB59T;
						LastSwiftMigration = 0920;
						TestTargetID = 174EEE5F1B74C0DD004F6942;
					};
				};
			};
			buildConfigurationList = 174EEE5B1B74C0DD004F6942 /* Build configuration list for PBXProject "CBC" */;
			compatibilityVersion = "Xcode 3.2";
			developmentRegion = English;
			hasScannedForEncodings = 0;
			knownRegions = (
				en,
				Base,
			);
			mainGroup = 174EEE571B74C0DD004F6942;
			productRefGroup = 174EEE611B74C0DD004F6942 /* Products */;
			projectDirPath = "";
			projectRoot = "";
			targets = (
				174EEE5F1B74C0DD004F6942 /* CBC */,
				174EEE741B74C0DE004F6942 /* CBCTests */,
				1798C7541CA93CC700CED4A5 /* CBCUITests */,
			);
		};
/* End PBXProject section */

/* Begin PBXResourcesBuildPhase section */
		174EEE5E1B74C0DD004F6942 /* Resources */ = {
			isa = PBXResourcesBuildPhase;
			buildActionMask = 2147483647;
			files = (
				17F2E5BC1BE0F5C300FD146A /* fontawesome-webfont.ttf in Resources */,
				174EEE961B74C1B1004F6942 /* LaunchScreen.xib in Resources */,
				174EEE8E1B74C11E004F6942 /* iPad.storyboard in Resources */,
				174EEE8F1B74C11E004F6942 /* iPhone.storyboard in Resources */,
				174EEE6D1B74C0DD004F6942 /* Images.xcassets in Resources */,
			);
			runOnlyForDeploymentPostprocessing = 0;
		};
		174EEE731B74C0DE004F6942 /* Resources */ = {
			isa = PBXResourcesBuildPhase;
			buildActionMask = 2147483647;
			files = (
			);
			runOnlyForDeploymentPostprocessing = 0;
		};
		1798C7531CA93CC700CED4A5 /* Resources */ = {
			isa = PBXResourcesBuildPhase;
			buildActionMask = 2147483647;
			files = (
			);
			runOnlyForDeploymentPostprocessing = 0;
		};
/* End PBXResourcesBuildPhase section */

/* Begin PBXSourcesBuildPhase section */
		174EEE5C1B74C0DD004F6942 /* Sources */ = {
			isa = PBXSourcesBuildPhase;
			buildActionMask = 2147483647;
			files = (
				177A74B11EF5767B00D36BE2 /* ScriptureIndex.swift in Sources */,
				17FF988B2030DB01002AD442 /* MediaStream.swift in Sources */,
				1749C4571DAAAE8A00FC90E0 /* PopoverPickerViewController.swift in Sources */,
				179495601FDC2E87001BB4D8 /* QuadTree.swift in Sources */,
				17E75ECA1B835FC600AE8ED5 /* functions.swift in Sources */,
				17196DB21E22EBFD00A7DD00 /* ScriptureViewController.swift in Sources */,
				17E677C42003E690003D022B /* LexiconWord+CoreDataProperties.swift in Sources */,
				179495641FDC4845001BB4D8 /* CloudWord.swift in Sources */,
				177A74B91EF5770B00D36BE2 /* BooksChaptersVerses.swift in Sources */,
				17763BE31BEA329400BB5556 /* Constants.swift in Sources */,
				17F8EAB41DFE221A00FA2A99 /* PopoverTableViewCell.swift in Sources */,
				17579DE01B84706500F1424F /* PopoverTableViewController.swift in Sources */,
				179495661FDC48C2001BB4D8 /* CloudViewController.swift in Sources */,
				17E677BD2003E690003D022B /* LexiconStringNode+CoreDataClass.swift in Sources */,
				17E677BE2003E690003D022B /* LexiconStringNode+CoreDataProperties.swift in Sources */,
				17E677832003E087003D022B /* Model.xcdatamodeld in Sources */,
				17E677BF2003E690003D022B /* LexiconTranscript+CoreDataClass.swift in Sources */,
				174A14A51E020A0500736CEC /* CachedString.swift in Sources */,
				175DF54C203B2ED80087CF0B /* ControlView.swift in Sources */,
				174EEE941B74C145004F6942 /* AppDelegate.swift in Sources */,
				1742C6891F1127F00096B150 /* TextViewController.swift in Sources */,
				1798C74E1CA93BC900CED4A5 /* Globals.swift in Sources */,
				174A14AB1E02A6F100736CEC /* Download.swift in Sources */,
				17E677C32003E690003D022B /* LexiconWord+CoreDataClass.swift in Sources */,
				174EEE901B74C11E004F6942 /* MediaViewController.swift in Sources */,
				1798C7501CA93BF600CED4A5 /* LiveViewController.swift in Sources */,
				17FF98832030DA07002AD442 /* extensions.swift in Sources */,
				17E677C22003E690003D022B /* LexiconEntry+CoreDataProperties.swift in Sources */,
				1712CD701C77449B005E09D6 /* SettingsViewController.swift in Sources */,
				172B7FCD1F41FBD200C714C0 /* Section.swift in Sources */,
				17FF98872030DA5A002AD442 /* SelectedMediaItem.swift in Sources */,
				174EEE911B74C11E004F6942 /* AboutViewController.swift in Sources */,
				179495621FDC4811001BB4D8 /* CloudLayoutOperation.swift in Sources */,
				174EEE8D1B74C11E004F6942 /* MediaTableViewController.swift in Sources */,
				17FF98892030DA75002AD442 /* MediaCategory.swift in Sources */,
				17FF988D2030DB8C002AD442 /* MediaRepository.swift in Sources */,
				175EDA261BAC80F600942E6D /* Reachability.swift in Sources */,
				17D4641C1C8E135800519C98 /* ScriptureIndexViewController.swift in Sources */,
				174A14A91E02128700736CEC /* MediaListGroupSort.swift in Sources */,
				17E677C02003E690003D022B /* LexiconTranscript+CoreDataProperties.swift in Sources */,
				174EEE921B74C11E004F6942 /* MediaTableViewCell.swift in Sources */,
				177FBA951C5CF36400AFBB50 /* OBSlider.swift in Sources */,
				174A14A71E02122200736CEC /* MediaPlayer.swift in Sources */,
				17A960CE1FDAC12E00A12BE9 /* firstDifferenceBetweenStrings.swift in Sources */,
				17074CB11E25A92B00332F0A /* Scripture.swift in Sources */,
				17FF98912030DC84002AD442 /* Tags.swift in Sources */,
				17FF988F2030DBC9002AD442 /* Media.swift in Sources */,
				171A6ED51BF2172100E3323C /* WebViewController.swift in Sources */,
				177A74B51EF576CB00D36BE2 /* StringTree.swift in Sources */,
				17DFD9511F029A7C000AC63D /* VoiceBase.swift in Sources */,
				17FF98812030D9DB002AD442 /* StreamEntry.swift in Sources */,
				177A74B71EF576EA00D36BE2 /* Lexicon.swift in Sources */,
				177A74B31EF576A500D36BE2 /* StringNode.swift in Sources */,
				17763BE51BEA32C700BB5556 /* MediaItem.swift in Sources */,
				17FF98852030DA3E002AD442 /* Search.swift in Sources */,
				17E677C12003E690003D022B /* LexiconEntry+CoreDataClass.swift in Sources */,
				17613FD51E4364F200ADFFCD /* LexiconIndexViewController.swift in Sources */,
				175DF54A203B2EB10087CF0B /* Document.swift in Sources */,
			);
			runOnlyForDeploymentPostprocessing = 0;
		};
		174EEE711B74C0DE004F6942 /* Sources */ = {
			isa = PBXSourcesBuildPhase;
			buildActionMask = 2147483647;
			files = (
				174EEE7C1B74C0DE004F6942 /* CBCTests.swift in Sources */,
			);
			runOnlyForDeploymentPostprocessing = 0;
		};
		1798C7511CA93CC700CED4A5 /* Sources */ = {
			isa = PBXSourcesBuildPhase;
			buildActionMask = 2147483647;
			files = (
				1798C7581CA93CC700CED4A5 /* CBCUITests.swift in Sources */,
			);
			runOnlyForDeploymentPostprocessing = 0;
		};
/* End PBXSourcesBuildPhase section */

/* Begin PBXTargetDependency section */
		174EEE771B74C0DE004F6942 /* PBXTargetDependency */ = {
			isa = PBXTargetDependency;
			target = 174EEE5F1B74C0DD004F6942 /* CBC */;
			targetProxy = 174EEE761B74C0DE004F6942 /* PBXContainerItemProxy */;
		};
		1798C75B1CA93CC700CED4A5 /* PBXTargetDependency */ = {
			isa = PBXTargetDependency;
			target = 174EEE5F1B74C0DD004F6942 /* CBC */;
			targetProxy = 1798C75A1CA93CC700CED4A5 /* PBXContainerItemProxy */;
		};
/* End PBXTargetDependency section */

/* Begin XCBuildConfiguration section */
		174EEE7D1B74C0DE004F6942 /* Debug */ = {
			isa = XCBuildConfiguration;
			buildSettings = {
				ALWAYS_SEARCH_USER_PATHS = NO;
				CLANG_CXX_LANGUAGE_STANDARD = "gnu++0x";
				CLANG_CXX_LIBRARY = "libc++";
				CLANG_ENABLE_MODULES = YES;
				CLANG_ENABLE_OBJC_ARC = YES;
				CLANG_WARN_BLOCK_CAPTURE_AUTORELEASING = YES;
				CLANG_WARN_BOOL_CONVERSION = YES;
				CLANG_WARN_COMMA = YES;
				CLANG_WARN_CONSTANT_CONVERSION = YES;
				CLANG_WARN_DEPRECATED_OBJC_IMPLEMENTATIONS = YES;
				CLANG_WARN_DIRECT_OBJC_ISA_USAGE = YES_ERROR;
				CLANG_WARN_EMPTY_BODY = YES;
				CLANG_WARN_ENUM_CONVERSION = YES;
				CLANG_WARN_INFINITE_RECURSION = YES;
				CLANG_WARN_INT_CONVERSION = YES;
				CLANG_WARN_NON_LITERAL_NULL_CONVERSION = YES;
				CLANG_WARN_OBJC_IMPLICIT_RETAIN_SELF = YES;
				CLANG_WARN_OBJC_LITERAL_CONVERSION = YES;
				CLANG_WARN_OBJC_ROOT_CLASS = YES_ERROR;
				CLANG_WARN_RANGE_LOOP_ANALYSIS = YES;
				CLANG_WARN_STRICT_PROTOTYPES = YES;
				CLANG_WARN_SUSPICIOUS_MOVE = YES;
				CLANG_WARN_UNREACHABLE_CODE = YES;
				CLANG_WARN__DUPLICATE_METHOD_MATCH = YES;
				"CODE_SIGN_IDENTITY[sdk=iphoneos*]" = "iPhone Developer";
				COPY_PHASE_STRIP = NO;
				DEBUG_INFORMATION_FORMAT = "dwarf-with-dsym";
				ENABLE_STRICT_OBJC_MSGSEND = YES;
				ENABLE_TESTABILITY = YES;
				GCC_C_LANGUAGE_STANDARD = gnu99;
				GCC_DYNAMIC_NO_PIC = NO;
				GCC_NO_COMMON_BLOCKS = YES;
				GCC_OPTIMIZATION_LEVEL = 0;
				GCC_PREPROCESSOR_DEFINITIONS = (
					"DEBUG=1",
					"$(inherited)",
				);
				GCC_SYMBOLS_PRIVATE_EXTERN = NO;
				GCC_WARN_64_TO_32_BIT_CONVERSION = YES;
				GCC_WARN_ABOUT_RETURN_TYPE = YES_ERROR;
				GCC_WARN_UNDECLARED_SELECTOR = YES;
				GCC_WARN_UNINITIALIZED_AUTOS = YES_AGGRESSIVE;
				GCC_WARN_UNUSED_FUNCTION = YES;
				GCC_WARN_UNUSED_VARIABLE = YES;
				IPHONEOS_DEPLOYMENT_TARGET = 9.0;
				MTL_ENABLE_DEBUG_INFO = YES;
				ONLY_ACTIVE_ARCH = YES;
				SDKROOT = iphoneos;
				SWIFT_OPTIMIZATION_LEVEL = "-Onone";
				TARGETED_DEVICE_FAMILY = "1,2";
			};
			name = Debug;
		};
		174EEE7E1B74C0DE004F6942 /* Release */ = {
			isa = XCBuildConfiguration;
			buildSettings = {
				ALWAYS_SEARCH_USER_PATHS = NO;
				CLANG_CXX_LANGUAGE_STANDARD = "gnu++0x";
				CLANG_CXX_LIBRARY = "libc++";
				CLANG_ENABLE_MODULES = YES;
				CLANG_ENABLE_OBJC_ARC = YES;
				CLANG_WARN_BLOCK_CAPTURE_AUTORELEASING = YES;
				CLANG_WARN_BOOL_CONVERSION = YES;
				CLANG_WARN_COMMA = YES;
				CLANG_WARN_CONSTANT_CONVERSION = YES;
				CLANG_WARN_DEPRECATED_OBJC_IMPLEMENTATIONS = YES;
				CLANG_WARN_DIRECT_OBJC_ISA_USAGE = YES_ERROR;
				CLANG_WARN_EMPTY_BODY = YES;
				CLANG_WARN_ENUM_CONVERSION = YES;
				CLANG_WARN_INFINITE_RECURSION = YES;
				CLANG_WARN_INT_CONVERSION = YES;
				CLANG_WARN_NON_LITERAL_NULL_CONVERSION = YES;
				CLANG_WARN_OBJC_IMPLICIT_RETAIN_SELF = YES;
				CLANG_WARN_OBJC_LITERAL_CONVERSION = YES;
				CLANG_WARN_OBJC_ROOT_CLASS = YES_ERROR;
				CLANG_WARN_RANGE_LOOP_ANALYSIS = YES;
				CLANG_WARN_STRICT_PROTOTYPES = YES;
				CLANG_WARN_SUSPICIOUS_MOVE = YES;
				CLANG_WARN_UNREACHABLE_CODE = YES;
				CLANG_WARN__DUPLICATE_METHOD_MATCH = YES;
				"CODE_SIGN_IDENTITY[sdk=iphoneos*]" = "iPhone Developer";
				COPY_PHASE_STRIP = NO;
				DEBUG_INFORMATION_FORMAT = "dwarf-with-dsym";
				ENABLE_NS_ASSERTIONS = NO;
				ENABLE_STRICT_OBJC_MSGSEND = YES;
				GCC_C_LANGUAGE_STANDARD = gnu99;
				GCC_NO_COMMON_BLOCKS = YES;
				GCC_WARN_64_TO_32_BIT_CONVERSION = YES;
				GCC_WARN_ABOUT_RETURN_TYPE = YES_ERROR;
				GCC_WARN_UNDECLARED_SELECTOR = YES;
				GCC_WARN_UNINITIALIZED_AUTOS = YES_AGGRESSIVE;
				GCC_WARN_UNUSED_FUNCTION = YES;
				GCC_WARN_UNUSED_VARIABLE = YES;
				IPHONEOS_DEPLOYMENT_TARGET = 9.0;
				MTL_ENABLE_DEBUG_INFO = NO;
				SDKROOT = iphoneos;
				SWIFT_OPTIMIZATION_LEVEL = "-Owholemodule";
				TARGETED_DEVICE_FAMILY = "1,2";
				VALIDATE_PRODUCT = YES;
			};
			name = Release;
		};
		174EEE801B74C0DE004F6942 /* Debug */ = {
			isa = XCBuildConfiguration;
			buildSettings = {
				ASSETCATALOG_COMPILER_APPICON_NAME = AppIcon;
				CODE_SIGN_IDENTITY = "iPhone Developer";
				DEVELOPMENT_TEAM = 35U7HMB59T;
				ENABLE_BITCODE = NO;
				INFOPLIST_FILE = CBC/Info.plist;
				IPHONEOS_DEPLOYMENT_TARGET = 10.0;
				LD_RUNPATH_SEARCH_PATHS = "$(inherited) @executable_path/Frameworks";
				PRODUCT_BUNDLE_IDENTIFIER = org.countrysidebible.CBC;
				PRODUCT_NAME = "$(TARGET_NAME)";
				SWIFT_SWIFT3_OBJC_INFERENCE = Default;
				SWIFT_VERSION = 4.0;
			};
			name = Debug;
		};
		174EEE811B74C0DE004F6942 /* Release */ = {
			isa = XCBuildConfiguration;
			buildSettings = {
				ASSETCATALOG_COMPILER_APPICON_NAME = AppIcon;
				CODE_SIGN_IDENTITY = "iPhone Developer";
				DEVELOPMENT_TEAM = 35U7HMB59T;
				ENABLE_BITCODE = NO;
				GCC_OPTIMIZATION_LEVEL = 0;
				INFOPLIST_FILE = CBC/Info.plist;
				IPHONEOS_DEPLOYMENT_TARGET = 10.0;
				LD_RUNPATH_SEARCH_PATHS = "$(inherited) @executable_path/Frameworks";
				PRODUCT_BUNDLE_IDENTIFIER = org.countrysidebible.CBC;
				PRODUCT_NAME = "$(TARGET_NAME)";
				SWIFT_OPTIMIZATION_LEVEL = "-Owholemodule";
				SWIFT_SWIFT3_OBJC_INFERENCE = Default;
				SWIFT_VERSION = 4.0;
			};
			name = Release;
		};
		174EEE831B74C0DE004F6942 /* Debug */ = {
			isa = XCBuildConfiguration;
			buildSettings = {
				BUNDLE_LOADER = "$(TEST_HOST)";
				DEVELOPMENT_TEAM = 35U7HMB59T;
				FRAMEWORK_SEARCH_PATHS = (
					"$(SDKROOT)/Developer/Library/Frameworks",
					"$(inherited)",
				);
				GCC_PREPROCESSOR_DEFINITIONS = (
					"DEBUG=1",
					"$(inherited)",
				);
				INFOPLIST_FILE = CBCTests/Info.plist;
				LD_RUNPATH_SEARCH_PATHS = "$(inherited) @executable_path/Frameworks @loader_path/Frameworks";
				PRODUCT_BUNDLE_IDENTIFIER = "org.countrysidebible.$(PRODUCT_NAME:rfc1034identifier)";
				PRODUCT_NAME = "$(TARGET_NAME)";
				SWIFT_SWIFT3_OBJC_INFERENCE = Default;
				SWIFT_VERSION = 4.0;
				TEST_HOST = "$(BUILT_PRODUCTS_DIR)/CBC.app/CBC";
			};
			name = Debug;
		};
		174EEE841B74C0DE004F6942 /* Release */ = {
			isa = XCBuildConfiguration;
			buildSettings = {
				BUNDLE_LOADER = "$(TEST_HOST)";
				DEVELOPMENT_TEAM = 35U7HMB59T;
				FRAMEWORK_SEARCH_PATHS = (
					"$(SDKROOT)/Developer/Library/Frameworks",
					"$(inherited)",
				);
				INFOPLIST_FILE = CBCTests/Info.plist;
				LD_RUNPATH_SEARCH_PATHS = "$(inherited) @executable_path/Frameworks @loader_path/Frameworks";
				PRODUCT_BUNDLE_IDENTIFIER = "org.countrysidebible.$(PRODUCT_NAME:rfc1034identifier)";
				PRODUCT_NAME = "$(TARGET_NAME)";
				SWIFT_SWIFT3_OBJC_INFERENCE = Default;
				SWIFT_VERSION = 4.0;
				TEST_HOST = "$(BUILT_PRODUCTS_DIR)/CBC.app/CBC";
			};
			name = Release;
		};
		1798C75D1CA93CC800CED4A5 /* Debug */ = {
			isa = XCBuildConfiguration;
			buildSettings = {
				CLANG_ANALYZER_NONNULL = YES;
				DEBUG_INFORMATION_FORMAT = dwarf;
				DEVELOPMENT_TEAM = 35U7HMB59T;
				INFOPLIST_FILE = CBCUITests/Info.plist;
				IPHONEOS_DEPLOYMENT_TARGET = 9.3;
				LD_RUNPATH_SEARCH_PATHS = "$(inherited) @executable_path/Frameworks @loader_path/Frameworks";
				PRODUCT_BUNDLE_IDENTIFIER = com.leeke.CBCUITests;
				PRODUCT_NAME = "$(TARGET_NAME)";
				SWIFT_SWIFT3_OBJC_INFERENCE = Default;
				SWIFT_VERSION = 4.0;
				TEST_TARGET_NAME = TPS;
			};
			name = Debug;
		};
		1798C75E1CA93CC800CED4A5 /* Release */ = {
			isa = XCBuildConfiguration;
			buildSettings = {
				CLANG_ANALYZER_NONNULL = YES;
				DEVELOPMENT_TEAM = 35U7HMB59T;
				INFOPLIST_FILE = CBCUITests/Info.plist;
				IPHONEOS_DEPLOYMENT_TARGET = 9.3;
				LD_RUNPATH_SEARCH_PATHS = "$(inherited) @executable_path/Frameworks @loader_path/Frameworks";
				PRODUCT_BUNDLE_IDENTIFIER = com.leeke.CBCUITests;
				PRODUCT_NAME = "$(TARGET_NAME)";
				SWIFT_SWIFT3_OBJC_INFERENCE = Default;
				SWIFT_VERSION = 4.0;
				TEST_TARGET_NAME = TPS;
			};
			name = Release;
		};
/* End XCBuildConfiguration section */

/* Begin XCConfigurationList section */
		174EEE5B1B74C0DD004F6942 /* Build configuration list for PBXProject "CBC" */ = {
			isa = XCConfigurationList;
			buildConfigurations = (
				174EEE7D1B74C0DE004F6942 /* Debug */,
				174EEE7E1B74C0DE004F6942 /* Release */,
			);
			defaultConfigurationIsVisible = 0;
			defaultConfigurationName = Release;
		};
		174EEE7F1B74C0DE004F6942 /* Build configuration list for PBXNativeTarget "CBC" */ = {
			isa = XCConfigurationList;
			buildConfigurations = (
				174EEE801B74C0DE004F6942 /* Debug */,
				174EEE811B74C0DE004F6942 /* Release */,
			);
			defaultConfigurationIsVisible = 0;
			defaultConfigurationName = Release;
		};
		174EEE821B74C0DE004F6942 /* Build configuration list for PBXNativeTarget "CBCTests" */ = {
			isa = XCConfigurationList;
			buildConfigurations = (
				174EEE831B74C0DE004F6942 /* Debug */,
				174EEE841B74C0DE004F6942 /* Release */,
			);
			defaultConfigurationIsVisible = 0;
			defaultConfigurationName = Release;
		};
		1798C75C1CA93CC800CED4A5 /* Build configuration list for PBXNativeTarget "CBCUITests" */ = {
			isa = XCConfigurationList;
			buildConfigurations = (
				1798C75D1CA93CC800CED4A5 /* Debug */,
				1798C75E1CA93CC800CED4A5 /* Release */,
			);
			defaultConfigurationIsVisible = 0;
			defaultConfigurationName = Release;
		};
/* End XCConfigurationList section */

/* Begin XCVersionGroup section */
		17E677812003E087003D022B /* Model.xcdatamodeld */ = {
			isa = XCVersionGroup;
			children = (
				17E677822003E087003D022B /* Model.xcdatamodel */,
			);
			currentVersion = 17E677822003E087003D022B /* Model.xcdatamodel */;
			path = Model.xcdatamodeld;
			sourceTree = "<group>";
			versionGroupType = wrapper.xcdatamodel;
		};
/* End XCVersionGroup section */
	};
	rootObject = 174EEE581B74C0DD004F6942 /* Project object */;
}
